
Microsoft Visual Studio Solution File, Format Version 11.00
# Visual Studio 2010
Project("{8BC9CEB8-8B4A-11D0-8D11-00A0C91BC942}") = "hydrogen", "hydrogen.vcxproj", "{123B2954-7777-7777-7777-6059D8E3A80B}"
EndProject
Project("{8BC9CEB8-8B4A-11D0-8D11-00A0C91BC942}") = "BulletCollision", "extern\bullet\build\vs2010\BulletCollision.vcxproj", "{54AE91C7-48D4-9C49-A5B1-0CED554CADFA}"
EndProject
Project("{8BC9CEB8-8B4A-11D0-8D11-00A0C91BC942}") = "BulletDynamics", "extern\bullet\build\vs2010\BulletDynamics.vcxproj", "{28D36A0F-B790-D748-BC8C-8FB422E45492}"
EndProject
Project("{8BC9CEB8-8B4A-11D0-8D11-00A0C91BC942}") = "BulletSoftBody", "extern\bullet\build\vs2010\BulletSoftBody.vcxproj", "{87F29C2A-5CF1-A740-84F3-A44CFC3C9946}"
EndProject
Project("{8BC9CEB8-8B4A-11D0-8D11-00A0C91BC942}") = "LinearMath", "extern\bullet\build\vs2010\LinearMath.vcxproj", "{58D08522-C69F-904C-A7ED-733DA229F1BA}"
EndProject
Project("{2150E333-8FDC-42A3-9474-1A3956D46DE8}") = "Bullet", "Bullet", "{F3637689-3808-4A4C-96B9-6307A668923F}"
EndProject
Global
	GlobalSection(SolutionConfigurationPlatforms) = preSolution
		Debug|Win32 = Debug|Win32
		Debug|x64 = Debug|x64
		Release|Win32 = Release|Win32
		Release|x64 = Release|x64
	EndGlobalSection
	GlobalSection(ProjectConfigurationPlatforms) = postSolution
		{123B2954-7777-7777-7777-6059D8E3A80B}.Debug|Win32.ActiveCfg = Debug|Win32
		{123B2954-7777-7777-7777-6059D8E3A80B}.Debug|Win32.Build.0 = Debug|Win32
		{123B2954-7777-7777-7777-6059D8E3A80B}.Debug|x64.ActiveCfg = Debug|x64
		{123B2954-7777-7777-7777-6059D8E3A80B}.Debug|x64.Build.0 = Debug|x64
		{123B2954-7777-7777-7777-6059D8E3A80B}.Release|Win32.ActiveCfg = Release|Win32
		{123B2954-7777-7777-7777-6059D8E3A80B}.Release|Win32.Build.0 = Release|Win32
		{123B2954-7777-7777-7777-6059D8E3A80B}.Release|x64.ActiveCfg = Release|x64
		{123B2954-7777-7777-7777-6059D8E3A80B}.Release|x64.Build.0 = Release|x64
		{54AE91C7-48D4-9C49-A5B1-0CED554CADFA}.Debug|Win32.ActiveCfg = Debug|Win32
		{54AE91C7-48D4-9C49-A5B1-0CED554CADFA}.Debug|Win32.Build.0 = Debug|Win32
		{54AE91C7-48D4-9C49-A5B1-0CED554CADFA}.Debug|x64.ActiveCfg = Debug|x64
		{54AE91C7-48D4-9C49-A5B1-0CED554CADFA}.Debug|x64.Build.0 = Debug|x64
		{54AE91C7-48D4-9C49-A5B1-0CED554CADFA}.Release|Win32.ActiveCfg = Release|Win32
		{54AE91C7-48D4-9C49-A5B1-0CED554CADFA}.Release|Win32.Build.0 = Release|Win32
		{54AE91C7-48D4-9C49-A5B1-0CED554CADFA}.Release|x64.ActiveCfg = Release|x64
		{54AE91C7-48D4-9C49-A5B1-0CED554CADFA}.Release|x64.Build.0 = Release|x64
		{28D36A0F-B790-D748-BC8C-8FB422E45492}.Debug|Win32.ActiveCfg = Debug|Win32
		{28D36A0F-B790-D748-BC8C-8FB422E45492}.Debug|Win32.Build.0 = Debug|Win32
		{28D36A0F-B790-D748-BC8C-8FB422E45492}.Debug|x64.ActiveCfg = Debug|x64
		{28D36A0F-B790-D748-BC8C-8FB422E45492}.Debug|x64.Build.0 = Debug|x64
		{28D36A0F-B790-D748-BC8C-8FB422E45492}.Release|Win32.ActiveCfg = Release|Win32
		{28D36A0F-B790-D748-BC8C-8FB422E45492}.Release|Win32.Build.0 = Release|Win32
		{28D36A0F-B790-D748-BC8C-8FB422E45492}.Release|x64.ActiveCfg = Release|x64
		{28D36A0F-B790-D748-BC8C-8FB422E45492}.Release|x64.Build.0 = Release|x64
		{87F29C2A-5CF1-A740-84F3-A44CFC3C9946}.Debug|Win32.ActiveCfg = Debug|Win32
		{87F29C2A-5CF1-A740-84F3-A44CFC3C9946}.Debug|Win32.Build.0 = Debug|Win32
		{87F29C2A-5CF1-A740-84F3-A44CFC3C9946}.Debug|x64.ActiveCfg = Debug|x64
		{87F29C2A-5CF1-A740-84F3-A44CFC3C9946}.Debug|x64.Build.0 = Debug|x64
		{87F29C2A-5CF1-A740-84F3-A44CFC3C9946}.Release|Win32.ActiveCfg = Release|Win32
		{87F29C2A-5CF1-A740-84F3-A44CFC3C9946}.Release|Win32.Build.0 = Release|Win32
		{87F29C2A-5CF1-A740-84F3-A44CFC3C9946}.Release|x64.ActiveCfg = Release|x64
		{87F29C2A-5CF1-A740-84F3-A44CFC3C9946}.Release|x64.Build.0 = Release|x64
		{58D08522-C69F-904C-A7ED-733DA229F1BA}.Debug|Win32.ActiveCfg = Debug|Win32
		{58D08522-C69F-904C-A7ED-733DA229F1BA}.Debug|Win32.Build.0 = Debug|Win32
		{58D08522-C69F-904C-A7ED-733DA229F1BA}.Debug|x64.ActiveCfg = Debug|x64
		{58D08522-C69F-904C-A7ED-733DA229F1BA}.Debug|x64.Build.0 = Debug|x64
		{58D08522-C69F-904C-A7ED-733DA229F1BA}.Release|Win32.ActiveCfg = Release|Win32
		{58D08522-C69F-904C-A7ED-733DA229F1BA}.Release|Win32.Build.0 = Release|Win32
		{58D08522-C69F-904C-A7ED-733DA229F1BA}.Release|x64.ActiveCfg = Release|x64
		{58D08522-C69F-904C-A7ED-733DA229F1BA}.Release|x64.Build.0 = Release|x64
	EndGlobalSection
	GlobalSection(SolutionProperties) = preSolution
		HideSolutionNode = FALSE
	EndGlobalSection
	GlobalSection(NestedProjects) = preSolution
		{54AE91C7-48D4-9C49-A5B1-0CED554CADFA} = {F3637689-3808-4A4C-96B9-6307A668923F}
		{28D36A0F-B790-D748-BC8C-8FB422E45492} = {F3637689-3808-4A4C-96B9-6307A668923F}
		{87F29C2A-5CF1-A740-84F3-A44CFC3C9946} = {F3637689-3808-4A4C-96B9-6307A668923F}
		{58D08522-C69F-904C-A7ED-733DA229F1BA} = {F3637689-3808-4A4C-96B9-6307A668923F}
	EndGlobalSection
EndGlobal
